
Microsoft Visual Studio Solution File, Format Version 12.00
# Visual Studio Version 16
VisualStudioVersion = 16.0.31424.327
MinimumVisualStudioVersion = 10.0.40219.1
Project("{FAE04EC0-301F-11D3-BF4B-00C04F79EFBC}") = "New Note.Android", "New Note.Android\New Note.Android.csproj", "{E0B11021-68BE-4C7D-A07E-40871EE26B10}"
EndProject
Project("{FAE04EC0-301F-11D3-BF4B-00C04F79EFBC}") = "New Note", "New Note\New Note.csproj", "{B262F6AE-4792-4463-92F2-3F04DABEED0B}"
EndProject
Global
	GlobalSection(SolutionConfigurationPlatforms) = preSolution
		Debug|Any CPU = Debug|Any CPU
		Release|Any CPU = Release|Any CPU
	EndGlobalSection
	GlobalSection(ProjectConfigurationPlatforms) = postSolution
		{E0B11021-68BE-4C7D-A07E-40871EE26B10}.Debug|Any CPU.ActiveCfg = Debug|Any CPU
		{E0B11021-68BE-4C7D-A07E-40871EE26B10}.Debug|Any CPU.Build.0 = Debug|Any CPU
		{E0B11021-68BE-4C7D-A07E-40871EE26B10}.Debug|Any CPU.Deploy.0 = Debug|Any CPU
		{E0B11021-68BE-4C7D-A07E-40871EE26B10}.Release|Any CPU.ActiveCfg = Release|Any CPU
		{E0B11021-68BE-4C7D-A07E-40871EE26B10}.Release|Any CPU.Build.0 = Release|Any CPU
		{E0B11021-68BE-4C7D-A07E-40871EE26B10}.Release|Any CPU.Deploy.0 = Release|Any CPU
		{B262F6AE-4792-4463-92F2-3F04DABEED0B}.Debug|Any CPU.ActiveCfg = Debug|Any CPU
		{B262F6AE-4792-4463-92F2-3F04DABEED0B}.Debug|Any CPU.Build.0 = Debug|Any CPU
		{B262F6AE-4792-4463-92F2-3F04DABEED0B}.Debug|Any CPU.Deploy.0 = Debug|Any CPU
		{B262F6AE-4792-4463-92F2-3F04DABEED0B}.Release|Any CPU.ActiveCfg = Release|Any CPU
		{B262F6AE-4792-4463-92F2-3F04DABEED0B}.Release|Any CPU.Build.0 = Release|Any CPU
		{B262F6AE-4792-4463-92F2-3F04DABEED0B}.Release|Any CPU.Deploy.0 = Release|Any CPU
	EndGlobalSection
	GlobalSection(SolutionProperties) = preSolution
		HideSolutionNode = FALSE
	EndGlobalSection
	GlobalSection(ExtensibilityGlobals) = postSolution
		SolutionGuid = {D76E5991-D484-409F-8728-64C336306999}
	EndGlobalSection
EndGlobal
